
Microsoft Visual Studio Solution File, Format Version 12.00
# Visual Studio Version 17
VisualStudioVersion = 17.6.33829.357
MinimumVisualStudioVersion = 10.0.40219.1
Project("{9A19103F-16F7-4668-BE54-9A1E7A4F7556}") = "RaythosAerospaceMVC", "RaythosAerospaceMVC\RaythosAerospaceMVC.csproj", "{192307D8-B525-48C4-A054-9825109765A4}"
EndProject
Global
	GlobalSection(SolutionConfigurationPlatforms) = preSolution
		Debug|Any CPU = Debug|Any CPU
		Release|Any CPU = Release|Any CPU
	EndGlobalSection
	GlobalSection(ProjectConfigurationPlatforms) = postSolution
		{192307D8-B525-48C4-A054-9825109765A4}.Debug|Any CPU.ActiveCfg = Debug|Any CPU
		{192307D8-B525-48C4-A054-9825109765A4}.Debug|Any CPU.Build.0 = Debug|Any CPU
		{192307D8-B525-48C4-A054-9825109765A4}.Release|Any CPU.ActiveCfg = Release|Any CPU
		{192307D8-B525-48C4-A054-9825109765A4}.Release|Any CPU.Build.0 = Release|Any CPU
	EndGlobalSection
	GlobalSection(SolutionProperties) = preSolution
		HideSolutionNode = FALSE
	EndGlobalSection
	GlobalSection(ExtensibilityGlobals) = postSolution
		SolutionGuid = {DE0897E9-645F-444E-9B8D-9F365CD89D30}
	EndGlobalSection
EndGlobal
